
Microsoft Visual Studio Solution File, Format Version 12.00
# Visual Studio Version 17
VisualStudioVersion = 17.0.32014.148
MinimumVisualStudioVersion = 10.0.40219.1
Project("{2150E333-8FDC-42A3-9474-1A3956D46DE8}") = "Build", "Build", "{31A9D223-5966-4905-B440-897EC820D701}"
EndProject
Project("{9A19103F-16F7-4668-BE54-9A1E7A4F7556}") = "SystemLibrary.Common.Framework", "systemlibrary.common.framework\SystemLibrary.Common.Framework.csproj", "{4BD57596-9E91-48AA-B62E-F61AD79693C7}"
EndProject
Project("{9A19103F-16F7-4668-BE54-9A1E7A4F7556}") = "SystemLibrary.Common.Framework.Net", "systemlibrary.common.framework.net\SystemLibrary.Common.Framework.Net.csproj", "{7A2A5537-1FBE-44E6-92CA-5480FA3C5674}"
EndProject
Project("{9A19103F-16F7-4668-BE54-9A1E7A4F7556}") = "SystemLibrary.Common.Framework.Net.Tests", "systemlibrary.common.framework.net.tests\SystemLibrary.Common.Framework.Net.Tests.csproj", "{397C8136-A91C-48CB-9E81-B3691BD43785}"
EndProject
Project("{9A19103F-16F7-4668-BE54-9A1E7A4F7556}") = "SystemLibrary.Common.Framework.Tests.Base", "systemlibrary.common.framework.net.tests.base\SystemLibrary.Common.Framework.Tests.Base.csproj", "{3704A5FD-9DAE-427A-9CC0-FE0545B25FC3}"
EndProject
Project("{2150E333-8FDC-42A3-9474-1A3956D46DE8}") = "Base", "Base", "{84F4435D-E662-4D3F-AEE2-9D37A384DC44}"
EndProject
Global
	GlobalSection(SolutionConfigurationPlatforms) = preSolution
		Release|Any CPU = Release|Any CPU
	EndGlobalSection
	GlobalSection(ProjectConfigurationPlatforms) = postSolution
		{4BD57596-9E91-48AA-B62E-F61AD79693C7}.Release|Any CPU.ActiveCfg = Release|Any CPU
		{4BD57596-9E91-48AA-B62E-F61AD79693C7}.Release|Any CPU.Build.0 = Release|Any CPU
		{7A2A5537-1FBE-44E6-92CA-5480FA3C5674}.Release|Any CPU.ActiveCfg = Release|Any CPU
		{7A2A5537-1FBE-44E6-92CA-5480FA3C5674}.Release|Any CPU.Build.0 = Release|Any CPU
		{397C8136-A91C-48CB-9E81-B3691BD43785}.Release|Any CPU.ActiveCfg = Release|Any CPU
		{397C8136-A91C-48CB-9E81-B3691BD43785}.Release|Any CPU.Build.0 = Release|Any CPU
		{3704A5FD-9DAE-427A-9CC0-FE0545B25FC3}.Release|Any CPU.ActiveCfg = Release|Any CPU
		{3704A5FD-9DAE-427A-9CC0-FE0545B25FC3}.Release|Any CPU.Build.0 = Release|Any CPU
	EndGlobalSection
	GlobalSection(SolutionProperties) = preSolution
		HideSolutionNode = FALSE
	EndGlobalSection
	GlobalSection(NestedProjects) = preSolution
		{4BD57596-9E91-48AA-B62E-F61AD79693C7} = {31A9D223-5966-4905-B440-897EC820D701}
		{3704A5FD-9DAE-427A-9CC0-FE0545B25FC3} = {84F4435D-E662-4D3F-AEE2-9D37A384DC44}
	EndGlobalSection
	GlobalSection(ExtensibilityGlobals) = postSolution
		SolutionGuid = {B8390EF5-99C5-4938-94B2-E1202956C91C}
	EndGlobalSection
EndGlobal
